// !$*UTF8*$!
{
	archiveVersion = 1;
	classes = {
	};
	objectVersion = 77;
	objects = {

/* Begin PBXBuildFile section */
		223FB7B82C6A633500A74D80 /* Tips.swift in Sources */ = {isa = PBXBuildFile; fileRef = 223FB7B72C6A633500A74D80 /* Tips.swift */; };
		224BD2392C471B4E0080F00E /* IconLists.swift in Sources */ = {isa = PBXBuildFile; fileRef = 224BD2382C471B4E0080F00E /* IconLists.swift */; };
		224CA0392C321EEE0096F094 /* RoutinesApp.swift in Sources */ = {isa = PBXBuildFile; fileRef = 224CA0382C321EEE0096F094 /* RoutinesApp.swift */; };
		224CA03B2C321EEE0096F094 /* RoutineListView.swift in Sources */ = {isa = PBXBuildFile; fileRef = 224CA03A2C321EEE0096F094 /* RoutineListView.swift */; };
		224CA03D2C321EEE0096F094 /* Step.swift in Sources */ = {isa = PBXBuildFile; fileRef = 224CA03C2C321EEE0096F094 /* Step.swift */; };
		224CA03F2C321EEF0096F094 /* Assets.xcassets in Resources */ = {isa = PBXBuildFile; fileRef = 224CA03E2C321EEF0096F094 /* Assets.xcassets */; };
		224CA0422C321EEF0096F094 /* Preview Assets.xcassets in Resources */ = {isa = PBXBuildFile; fileRef = 224CA0412C321EEF0096F094 /* Preview Assets.xcassets */; };
		224CA04C2C321EEF0096F094 /* RoutineTests.swift in Sources */ = {isa = PBXBuildFile; fileRef = 224CA04B2C321EEF0096F094 /* RoutineTests.swift */; };
		224CA0562C321EEF0096F094 /* RoutinesUITests.swift in Sources */ = {isa = PBXBuildFile; fileRef = 224CA0552C321EEF0096F094 /* RoutinesUITests.swift */; };
		224CA0582C321EEF0096F094 /* RoutinesUITestsLaunchTests.swift in Sources */ = {isa = PBXBuildFile; fileRef = 224CA0572C321EEF0096F094 /* RoutinesUITestsLaunchTests.swift */; };
		224CA0652C321FDD0096F094 /* Routine.swift in Sources */ = {isa = PBXBuildFile; fileRef = 224CA0642C321FDD0096F094 /* Routine.swift */; };
		2282B9E62C3446A5004FECDB /* SettingsView.swift in Sources */ = {isa = PBXBuildFile; fileRef = 2282B9E52C3446A5004FECDB /* SettingsView.swift */; };
		2282B9E82C34472A004FECDB /* RoutineCardView.swift in Sources */ = {isa = PBXBuildFile; fileRef = 2282B9E72C34472A004FECDB /* RoutineCardView.swift */; };
		22A5E7D82C35E3890024CD51 /* SystemColors.swift in Sources */ = {isa = PBXBuildFile; fileRef = 22A5E7D72C35E3890024CD51 /* SystemColors.swift */; };
		22AD80842C541BF1008BB51C /* SystemColorsTests.swift in Sources */ = {isa = PBXBuildFile; fileRef = 22AD80832C541BF1008BB51C /* SystemColorsTests.swift */; };
		22AD80862C54385B008BB51C /* StepTests.swift in Sources */ = {isa = PBXBuildFile; fileRef = 22AD80852C54385B008BB51C /* StepTests.swift */; };
		22AD80882C5439E3008BB51C /* IconListsTests.swift in Sources */ = {isa = PBXBuildFile; fileRef = 22AD80872C5439E3008BB51C /* IconListsTests.swift */; };
		22CC80CC2C3464DA0070FFF7 /* RoutineIconView.swift in Sources */ = {isa = PBXBuildFile; fileRef = 22CC80CB2C3464DA0070FFF7 /* RoutineIconView.swift */; };
		22CC80D02C346DF40070FFF7 /* RoutineStepListView.swift in Sources */ = {isa = PBXBuildFile; fileRef = 22CC80CF2C346DF40070FFF7 /* RoutineStepListView.swift */; };
		22CC80D22C346FF10070FFF7 /* AddStepView.swift in Sources */ = {isa = PBXBuildFile; fileRef = 22CC80D12C346FF10070FFF7 /* AddStepView.swift */; };
		22CC80D42C3472ED0070FFF7 /* EditRoutineView.swift in Sources */ = {isa = PBXBuildFile; fileRef = 22CC80D32C3472ED0070FFF7 /* EditRoutineView.swift */; };
		22F5EC9D2C5AC6FB0094B1EB /* Symbol.swift in Sources */ = {isa = PBXBuildFile; fileRef = 22F5EC9C2C5AC6FB0094B1EB /* Symbol.swift */; };
		22F5EC9F2C5AC7320094B1EB /* FontStyle.swift in Sources */ = {isa = PBXBuildFile; fileRef = 22F5EC9E2C5AC7320094B1EB /* FontStyle.swift */; };
		22F5ECA12C5AC78E0094B1EB /* SocialLinkList.swift in Sources */ = {isa = PBXBuildFile; fileRef = 22F5ECA02C5AC78E0094B1EB /* SocialLinkList.swift */; };
/* End PBXBuildFile section */

/* Begin PBXContainerItemProxy section */
		224CA0482C321EEF0096F094 /* PBXContainerItemProxy */ = {
			isa = PBXContainerItemProxy;
			containerPortal = 224CA02D2C321EEE0096F094 /* Project object */;
			proxyType = 1;
			remoteGlobalIDString = 224CA0342C321EEE0096F094;
			remoteInfo = Routines;
		};
		224CA0522C321EEF0096F094 /* PBXContainerItemProxy */ = {
			isa = PBXContainerItemProxy;
			containerPortal = 224CA02D2C321EEE0096F094 /* Project object */;
			proxyType = 1;
			remoteGlobalIDString = 224CA0342C321EEE0096F094;
			remoteInfo = Routines;
		};
/* End PBXContainerItemProxy section */

/* Begin PBXFileReference section */
		223FB7B72C6A633500A74D80 /* Tips.swift */ = {isa = PBXFileReference; lastKnownFileType = sourcecode.swift; path = Tips.swift; sourceTree = "<group>"; };
		224BD2382C471B4E0080F00E /* IconLists.swift */ = {isa = PBXFileReference; lastKnownFileType = sourcecode.swift; path = IconLists.swift; sourceTree = "<group>"; };
		224CA0352C321EEE0096F094 /* Routines.app */ = {isa = PBXFileReference; explicitFileType = wrapper.application; includeInIndex = 0; path = Routines.app; sourceTree = BUILT_PRODUCTS_DIR; };
		224CA0382C321EEE0096F094 /* RoutinesApp.swift */ = {isa = PBXFileReference; lastKnownFileType = sourcecode.swift; path = RoutinesApp.swift; sourceTree = "<group>"; };
		224CA03A2C321EEE0096F094 /* RoutineListView.swift */ = {isa = PBXFileReference; lastKnownFileType = sourcecode.swift; path = RoutineListView.swift; sourceTree = "<group>"; };
		224CA03C2C321EEE0096F094 /* Step.swift */ = {isa = PBXFileReference; lastKnownFileType = sourcecode.swift; path = Step.swift; sourceTree = "<group>"; };
		224CA03E2C321EEF0096F094 /* Assets.xcassets */ = {isa = PBXFileReference; lastKnownFileType = folder.assetcatalog; path = Assets.xcassets; sourceTree = "<group>"; };
		224CA0412C321EEF0096F094 /* Preview Assets.xcassets */ = {isa = PBXFileReference; lastKnownFileType = folder.assetcatalog; path = "Preview Assets.xcassets"; sourceTree = "<group>"; };
		224CA0472C321EEF0096F094 /* RoutinesTests.xctest */ = {isa = PBXFileReference; explicitFileType = wrapper.cfbundle; includeInIndex = 0; path = RoutinesTests.xctest; sourceTree = BUILT_PRODUCTS_DIR; };
		224CA04B2C321EEF0096F094 /* RoutineTests.swift */ = {isa = PBXFileReference; lastKnownFileType = sourcecode.swift; path = RoutineTests.swift; sourceTree = "<group>"; };
		224CA0512C321EEF0096F094 /* RoutinesUITests.xctest */ = {isa = PBXFileReference; explicitFileType = wrapper.cfbundle; includeInIndex = 0; path = RoutinesUITests.xctest; sourceTree = BUILT_PRODUCTS_DIR; };
		224CA0552C321EEF0096F094 /* RoutinesUITests.swift */ = {isa = PBXFileReference; lastKnownFileType = sourcecode.swift; path = RoutinesUITests.swift; sourceTree = "<group>"; };
		224CA0572C321EEF0096F094 /* RoutinesUITestsLaunchTests.swift */ = {isa = PBXFileReference; lastKnownFileType = sourcecode.swift; path = RoutinesUITestsLaunchTests.swift; sourceTree = "<group>"; };
		224CA0642C321FDD0096F094 /* Routine.swift */ = {isa = PBXFileReference; lastKnownFileType = sourcecode.swift; path = Routine.swift; sourceTree = "<group>"; };
		227997082C49B24E00D184BE /* Info.plist */ = {isa = PBXFileReference; lastKnownFileType = text.plist; path = Info.plist; sourceTree = "<group>"; };
		2282B9E52C3446A5004FECDB /* SettingsView.swift */ = {isa = PBXFileReference; lastKnownFileType = sourcecode.swift; path = SettingsView.swift; sourceTree = "<group>"; };
		2282B9E72C34472A004FECDB /* RoutineCardView.swift */ = {isa = PBXFileReference; lastKnownFileType = sourcecode.swift; path = RoutineCardView.swift; sourceTree = "<group>"; };
		22A5E7D72C35E3890024CD51 /* SystemColors.swift */ = {isa = PBXFileReference; lastKnownFileType = sourcecode.swift; path = SystemColors.swift; sourceTree = "<group>"; };
		22AD80832C541BF1008BB51C /* SystemColorsTests.swift */ = {isa = PBXFileReference; lastKnownFileType = sourcecode.swift; path = SystemColorsTests.swift; sourceTree = "<group>"; };
		22AD80852C54385B008BB51C /* StepTests.swift */ = {isa = PBXFileReference; lastKnownFileType = sourcecode.swift; path = StepTests.swift; sourceTree = "<group>"; };
		22AD80872C5439E3008BB51C /* IconListsTests.swift */ = {isa = PBXFileReference; lastKnownFileType = sourcecode.swift; path = IconListsTests.swift; sourceTree = "<group>"; };
		22CC80CB2C3464DA0070FFF7 /* RoutineIconView.swift */ = {isa = PBXFileReference; lastKnownFileType = sourcecode.swift; path = RoutineIconView.swift; sourceTree = "<group>"; };
		22CC80CF2C346DF40070FFF7 /* RoutineStepListView.swift */ = {isa = PBXFileReference; lastKnownFileType = sourcecode.swift; path = RoutineStepListView.swift; sourceTree = "<group>"; };
		22CC80D12C346FF10070FFF7 /* AddStepView.swift */ = {isa = PBXFileReference; lastKnownFileType = sourcecode.swift; path = AddStepView.swift; sourceTree = "<group>"; };
		22CC80D32C3472ED0070FFF7 /* EditRoutineView.swift */ = {isa = PBXFileReference; lastKnownFileType = sourcecode.swift; path = EditRoutineView.swift; sourceTree = "<group>"; };
		22F5EC9C2C5AC6FB0094B1EB /* Symbol.swift */ = {isa = PBXFileReference; lastKnownFileType = sourcecode.swift; path = Symbol.swift; sourceTree = "<group>"; };
		22F5EC9E2C5AC7320094B1EB /* FontStyle.swift */ = {isa = PBXFileReference; lastKnownFileType = sourcecode.swift; path = FontStyle.swift; sourceTree = "<group>"; };
		22F5ECA02C5AC78E0094B1EB /* SocialLinkList.swift */ = {isa = PBXFileReference; lastKnownFileType = sourcecode.swift; path = SocialLinkList.swift; sourceTree = "<group>"; };
/* End PBXFileReference section */

/* Begin PBXFrameworksBuildPhase section */
		224CA0322C321EEE0096F094 /* Frameworks */ = {
			isa = PBXFrameworksBuildPhase;
			buildActionMask = 2147483647;
			files = (
			);
			runOnlyForDeploymentPostprocessing = 0;
		};
		224CA0442C321EEF0096F094 /* Frameworks */ = {
			isa = PBXFrameworksBuildPhase;
			buildActionMask = 2147483647;
			files = (
			);
			runOnlyForDeploymentPostprocessing = 0;
		};
		224CA04E2C321EEF0096F094 /* Frameworks */ = {
			isa = PBXFrameworksBuildPhase;
			buildActionMask = 2147483647;
			files = (
			);
			runOnlyForDeploymentPostprocessing = 0;
		};
/* End PBXFrameworksBuildPhase section */

/* Begin PBXGroup section */
		224CA02C2C321EEE0096F094 = {
			isa = PBXGroup;
			children = (
				224CA0372C321EEE0096F094 /* Routines */,
				224CA04A2C321EEF0096F094 /* RoutinesTests */,
				224CA0542C321EEF0096F094 /* RoutinesUITests */,
				224CA0362C321EEE0096F094 /* Products */,
			);
			sourceTree = "<group>";
		};
		224CA0362C321EEE0096F094 /* Products */ = {
			isa = PBXGroup;
			children = (
				224CA0352C321EEE0096F094 /* Routines.app */,
				224CA0472C321EEF0096F094 /* RoutinesTests.xctest */,
				224CA0512C321EEF0096F094 /* RoutinesUITests.xctest */,
			);
			name = Products;
			sourceTree = "<group>";
		};
		224CA0372C321EEE0096F094 /* Routines */ = {
			isa = PBXGroup;
			children = (
				227997082C49B24E00D184BE /* Info.plist */,
				227997052C498B1600D184BE /* Application */,
				224CA0662C321FE10096F094 /* Models */,
				226CC2362C333E6200F114B4 /* Views */,
				224CA03E2C321EEF0096F094 /* Assets.xcassets */,
				224CA0402C321EEF0096F094 /* Preview Content */,
			);
			path = Routines;
			sourceTree = "<group>";
		};
		224CA0402C321EEF0096F094 /* Preview Content */ = {
			isa = PBXGroup;
			children = (
				224CA0412C321EEF0096F094 /* Preview Assets.xcassets */,
			);
			path = "Preview Content";
			sourceTree = "<group>";
		};
		224CA04A2C321EEF0096F094 /* RoutinesTests */ = {
			isa = PBXGroup;
			children = (
				22AD808A2C544669008BB51C /* ModelTests */,
			);
			path = RoutinesTests;
			sourceTree = "<group>";
		};
		224CA0542C321EEF0096F094 /* RoutinesUITests */ = {
			isa = PBXGroup;
			children = (
				224CA0552C321EEF0096F094 /* RoutinesUITests.swift */,
				224CA0572C321EEF0096F094 /* RoutinesUITestsLaunchTests.swift */,
			);
			path = RoutinesUITests;
			sourceTree = "<group>";
		};
		224CA0662C321FE10096F094 /* Models */ = {
			isa = PBXGroup;
			children = (
				224CA03C2C321EEE0096F094 /* Step.swift */,
				224CA0642C321FDD0096F094 /* Routine.swift */,
				22A5E7D72C35E3890024CD51 /* SystemColors.swift */,
				224BD2382C471B4E0080F00E /* IconLists.swift */,
				22F5EC9C2C5AC6FB0094B1EB /* Symbol.swift */,
				22F5ECA02C5AC78E0094B1EB /* SocialLinkList.swift */,
				22F5EC9E2C5AC7320094B1EB /* FontStyle.swift */,
			);
			path = Models;
			sourceTree = "<group>";
		};
		226CC2362C333E6200F114B4 /* Views */ = {
			isa = PBXGroup;
			children = (
				224CA03A2C321EEE0096F094 /* RoutineListView.swift */,
				22CC80CF2C346DF40070FFF7 /* RoutineStepListView.swift */,
				22CC80D32C3472ED0070FFF7 /* EditRoutineView.swift */,
				22CC80D12C346FF10070FFF7 /* AddStepView.swift */,
				2282B9E72C34472A004FECDB /* RoutineCardView.swift */,
				22CC80CB2C3464DA0070FFF7 /* RoutineIconView.swift */,
				2282B9E52C3446A5004FECDB /* SettingsView.swift */,
			);
			path = Views;
			sourceTree = "<group>";
		};
		227997052C498B1600D184BE /* Application */ = {
			isa = PBXGroup;
			children = (
				224CA0382C321EEE0096F094 /* RoutinesApp.swift */,
				223FB7B72C6A633500A74D80 /* Tips.swift */,
			);
			path = Application;
			sourceTree = "<group>";
		};
		22AD808A2C544669008BB51C /* ModelTests */ = {
			isa = PBXGroup;
			children = (
				224CA04B2C321EEF0096F094 /* RoutineTests.swift */,
				22AD80832C541BF1008BB51C /* SystemColorsTests.swift */,
				22AD80852C54385B008BB51C /* StepTests.swift */,
				22AD80872C5439E3008BB51C /* IconListsTests.swift */,
			);
			path = ModelTests;
			sourceTree = "<group>";
		};
/* End PBXGroup section */

/* Begin PBXNativeTarget section */
		224CA0342C321EEE0096F094 /* Routines */ = {
			isa = PBXNativeTarget;
			buildConfigurationList = 224CA05B2C321EEF0096F094 /* Build configuration list for PBXNativeTarget "Routines" */;
			buildPhases = (
				224CA0312C321EEE0096F094 /* Sources */,
				224CA0322C321EEE0096F094 /* Frameworks */,
				224CA0332C321EEE0096F094 /* Resources */,
			);
			buildRules = (
			);
			dependencies = (
			);
			name = Routines;
			productName = Routines;
			productReference = 224CA0352C321EEE0096F094 /* Routines.app */;
			productType = "com.apple.product-type.application";
		};
		224CA0462C321EEF0096F094 /* RoutinesTests */ = {
			isa = PBXNativeTarget;
			buildConfigurationList = 224CA05E2C321EEF0096F094 /* Build configuration list for PBXNativeTarget "RoutinesTests" */;
			buildPhases = (
				224CA0432C321EEF0096F094 /* Sources */,
				224CA0442C321EEF0096F094 /* Frameworks */,
				224CA0452C321EEF0096F094 /* Resources */,
			);
			buildRules = (
			);
			dependencies = (
				224CA0492C321EEF0096F094 /* PBXTargetDependency */,
			);
			name = RoutinesTests;
			productName = RoutinesTests;
			productReference = 224CA0472C321EEF0096F094 /* RoutinesTests.xctest */;
			productType = "com.apple.product-type.bundle.unit-test";
		};
		224CA0502C321EEF0096F094 /* RoutinesUITests */ = {
			isa = PBXNativeTarget;
			buildConfigurationList = 224CA0612C321EEF0096F094 /* Build configuration list for PBXNativeTarget "RoutinesUITests" */;
			buildPhases = (
				224CA04D2C321EEF0096F094 /* Sources */,
				224CA04E2C321EEF0096F094 /* Frameworks */,
				224CA04F2C321EEF0096F094 /* Resources */,
			);
			buildRules = (
			);
			dependencies = (
				224CA0532C321EEF0096F094 /* PBXTargetDependency */,
			);
			name = RoutinesUITests;
			productName = RoutinesUITests;
			productReference = 224CA0512C321EEF0096F094 /* RoutinesUITests.xctest */;
			productType = "com.apple.product-type.bundle.ui-testing";
		};
/* End PBXNativeTarget section */

/* Begin PBXProject section */
		224CA02D2C321EEE0096F094 /* Project object */ = {
			isa = PBXProject;
			attributes = {
				BuildIndependentTargetsInParallel = 1;
				LastSwiftUpdateCheck = 1600;
				LastUpgradeCheck = 1600;
				TargetAttributes = {
					224CA0342C321EEE0096F094 = {
						CreatedOnToolsVersion = 16.0;
					};
					224CA0462C321EEF0096F094 = {
						CreatedOnToolsVersion = 16.0;
						TestTargetID = 224CA0342C321EEE0096F094;
					};
					224CA0502C321EEF0096F094 = {
						CreatedOnToolsVersion = 16.0;
						TestTargetID = 224CA0342C321EEE0096F094;
					};
				};
			};
			buildConfigurationList = 224CA0302C321EEE0096F094 /* Build configuration list for PBXProject "Routines" */;
			developmentRegion = en;
			hasScannedForEncodings = 0;
			knownRegions = (
				en,
				Base,
			);
			mainGroup = 224CA02C2C321EEE0096F094;
			preferredProjectObjectVersion = 77;
			productRefGroup = 224CA0362C321EEE0096F094 /* Products */;
			projectDirPath = "";
			projectRoot = "";
			targets = (
				224CA0342C321EEE0096F094 /* Routines */,
				224CA0462C321EEF0096F094 /* RoutinesTests */,
				224CA0502C321EEF0096F094 /* RoutinesUITests */,
			);
		};
/* End PBXProject section */

/* Begin PBXResourcesBuildPhase section */
		224CA0332C321EEE0096F094 /* Resources */ = {
			isa = PBXResourcesBuildPhase;
			buildActionMask = 2147483647;
			files = (
				224CA0422C321EEF0096F094 /* Preview Assets.xcassets in Resources */,
				224CA03F2C321EEF0096F094 /* Assets.xcassets in Resources */,
			);
			runOnlyForDeploymentPostprocessing = 0;
		};
		224CA0452C321EEF0096F094 /* Resources */ = {
			isa = PBXResourcesBuildPhase;
			buildActionMask = 2147483647;
			files = (
			);
			runOnlyForDeploymentPostprocessing = 0;
		};
		224CA04F2C321EEF0096F094 /* Resources */ = {
			isa = PBXResourcesBuildPhase;
			buildActionMask = 2147483647;
			files = (
			);
			runOnlyForDeploymentPostprocessing = 0;
		};
/* End PBXResourcesBuildPhase section */

/* Begin PBXSourcesBuildPhase section */
		224CA0312C321EEE0096F094 /* Sources */ = {
			isa = PBXSourcesBuildPhase;
			buildActionMask = 2147483647;
			files = (
				22CC80D22C346FF10070FFF7 /* AddStepView.swift in Sources */,
				2282B9E62C3446A5004FECDB /* SettingsView.swift in Sources */,
				224BD2392C471B4E0080F00E /* IconLists.swift in Sources */,
				2282B9E82C34472A004FECDB /* RoutineCardView.swift in Sources */,
				224CA03B2C321EEE0096F094 /* RoutineListView.swift in Sources */,
				223FB7B82C6A633500A74D80 /* Tips.swift in Sources */,
				22F5EC9D2C5AC6FB0094B1EB /* Symbol.swift in Sources */,
				22F5EC9F2C5AC7320094B1EB /* FontStyle.swift in Sources */,
				224CA03D2C321EEE0096F094 /* Step.swift in Sources */,
				224CA0652C321FDD0096F094 /* Routine.swift in Sources */,
				22A5E7D82C35E3890024CD51 /* SystemColors.swift in Sources */,
				22F5ECA12C5AC78E0094B1EB /* SocialLinkList.swift in Sources */,
				22CC80D42C3472ED0070FFF7 /* EditRoutineView.swift in Sources */,
				224CA0392C321EEE0096F094 /* RoutinesApp.swift in Sources */,
				22CC80D02C346DF40070FFF7 /* RoutineStepListView.swift in Sources */,
				22CC80CC2C3464DA0070FFF7 /* RoutineIconView.swift in Sources */,
			);
			runOnlyForDeploymentPostprocessing = 0;
		};
		224CA0432C321EEF0096F094 /* Sources */ = {
			isa = PBXSourcesBuildPhase;
			buildActionMask = 2147483647;
			files = (
				224CA04C2C321EEF0096F094 /* RoutineTests.swift in Sources */,
				22AD80862C54385B008BB51C /* StepTests.swift in Sources */,
				22AD80882C5439E3008BB51C /* IconListsTests.swift in Sources */,
				22AD80842C541BF1008BB51C /* SystemColorsTests.swift in Sources */,
			);
			runOnlyForDeploymentPostprocessing = 0;
		};
		224CA04D2C321EEF0096F094 /* Sources */ = {
			isa = PBXSourcesBuildPhase;
			buildActionMask = 2147483647;
			files = (
				224CA0582C321EEF0096F094 /* RoutinesUITestsLaunchTests.swift in Sources */,
				224CA0562C321EEF0096F094 /* RoutinesUITests.swift in Sources */,
			);
			runOnlyForDeploymentPostprocessing = 0;
		};
/* End PBXSourcesBuildPhase section */

/* Begin PBXTargetDependency section */
		224CA0492C321EEF0096F094 /* PBXTargetDependency */ = {
			isa = PBXTargetDependency;
			target = 224CA0342C321EEE0096F094 /* Routines */;
			targetProxy = 224CA0482C321EEF0096F094 /* PBXContainerItemProxy */;
		};
		224CA0532C321EEF0096F094 /* PBXTargetDependency */ = {
			isa = PBXTargetDependency;
			target = 224CA0342C321EEE0096F094 /* Routines */;
			targetProxy = 224CA0522C321EEF0096F094 /* PBXContainerItemProxy */;
		};
/* End PBXTargetDependency section */

/* Begin XCBuildConfiguration section */
		224CA0592C321EEF0096F094 /* Debug */ = {
			isa = XCBuildConfiguration;
			buildSettings = {
				ALWAYS_SEARCH_USER_PATHS = NO;
				ASSETCATALOG_COMPILER_GENERATE_SWIFT_ASSET_SYMBOL_EXTENSIONS = YES;
				CLANG_ANALYZER_NONNULL = YES;
				CLANG_ANALYZER_NUMBER_OBJECT_CONVERSION = YES_AGGRESSIVE;
				CLANG_CXX_LANGUAGE_STANDARD = "gnu++20";
				CLANG_ENABLE_MODULES = YES;
				CLANG_ENABLE_OBJC_ARC = YES;
				CLANG_ENABLE_OBJC_WEAK = YES;
				CLANG_WARN_BLOCK_CAPTURE_AUTORELEASING = YES;
				CLANG_WARN_BOOL_CONVERSION = YES;
				CLANG_WARN_COMMA = YES;
				CLANG_WARN_CONSTANT_CONVERSION = YES;
				CLANG_WARN_DEPRECATED_OBJC_IMPLEMENTATIONS = YES;
				CLANG_WARN_DIRECT_OBJC_ISA_USAGE = YES_ERROR;
				CLANG_WARN_DOCUMENTATION_COMMENTS = YES;
				CLANG_WARN_EMPTY_BODY = YES;
				CLANG_WARN_ENUM_CONVERSION = YES;
				CLANG_WARN_INFINITE_RECURSION = YES;
				CLANG_WARN_INT_CONVERSION = YES;
				CLANG_WARN_NON_LITERAL_NULL_CONVERSION = YES;
				CLANG_WARN_OBJC_IMPLICIT_RETAIN_SELF = YES;
				CLANG_WARN_OBJC_LITERAL_CONVERSION = YES;
				CLANG_WARN_OBJC_ROOT_CLASS = YES_ERROR;
				CLANG_WARN_QUOTED_INCLUDE_IN_FRAMEWORK_HEADER = YES;
				CLANG_WARN_RANGE_LOOP_ANALYSIS = YES;
				CLANG_WARN_STRICT_PROTOTYPES = YES;
				CLANG_WARN_SUSPICIOUS_MOVE = YES;
				CLANG_WARN_UNGUARDED_AVAILABILITY = YES_AGGRESSIVE;
				CLANG_WARN_UNREACHABLE_CODE = YES;
				CLANG_WARN__DUPLICATE_METHOD_MATCH = YES;
				COPY_PHASE_STRIP = NO;
				DEBUG_INFORMATION_FORMAT = dwarf;
				ENABLE_STRICT_OBJC_MSGSEND = YES;
				ENABLE_TESTABILITY = YES;
				ENABLE_USER_SCRIPT_SANDBOXING = YES;
				GCC_C_LANGUAGE_STANDARD = gnu17;
				GCC_DYNAMIC_NO_PIC = NO;
				GCC_NO_COMMON_BLOCKS = YES;
				GCC_OPTIMIZATION_LEVEL = 0;
				GCC_PREPROCESSOR_DEFINITIONS = (
					"DEBUG=1",
					"$(inherited)",
				);
				GCC_WARN_64_TO_32_BIT_CONVERSION = YES;
				GCC_WARN_ABOUT_RETURN_TYPE = YES_ERROR;
				GCC_WARN_UNDECLARED_SELECTOR = YES;
				GCC_WARN_UNINITIALIZED_AUTOS = YES_AGGRESSIVE;
				GCC_WARN_UNUSED_FUNCTION = YES;
				GCC_WARN_UNUSED_VARIABLE = YES;
				IPHONEOS_DEPLOYMENT_TARGET = 18.0;
				LOCALIZATION_PREFERS_STRING_CATALOGS = YES;
				MTL_ENABLE_DEBUG_INFO = INCLUDE_SOURCE;
				MTL_FAST_MATH = YES;
				ONLY_ACTIVE_ARCH = YES;
				SDKROOT = iphoneos;
				SWIFT_ACTIVE_COMPILATION_CONDITIONS = "DEBUG $(inherited)";
				SWIFT_OPTIMIZATION_LEVEL = "-Onone";
			};
			name = Debug;
		};
		224CA05A2C321EEF0096F094 /* Release */ = {
			isa = XCBuildConfiguration;
			buildSettings = {
				ALWAYS_SEARCH_USER_PATHS = NO;
				ASSETCATALOG_COMPILER_GENERATE_SWIFT_ASSET_SYMBOL_EXTENSIONS = YES;
				CLANG_ANALYZER_NONNULL = YES;
				CLANG_ANALYZER_NUMBER_OBJECT_CONVERSION = YES_AGGRESSIVE;
				CLANG_CXX_LANGUAGE_STANDARD = "gnu++20";
				CLANG_ENABLE_MODULES = YES;
				CLANG_ENABLE_OBJC_ARC = YES;
				CLANG_ENABLE_OBJC_WEAK = YES;
				CLANG_WARN_BLOCK_CAPTURE_AUTORELEASING = YES;
				CLANG_WARN_BOOL_CONVERSION = YES;
				CLANG_WARN_COMMA = YES;
				CLANG_WARN_CONSTANT_CONVERSION = YES;
				CLANG_WARN_DEPRECATED_OBJC_IMPLEMENTATIONS = YES;
				CLANG_WARN_DIRECT_OBJC_ISA_USAGE = YES_ERROR;
				CLANG_WARN_DOCUMENTATION_COMMENTS = YES;
				CLANG_WARN_EMPTY_BODY = YES;
				CLANG_WARN_ENUM_CONVERSION = YES;
				CLANG_WARN_INFINITE_RECURSION = YES;
				CLANG_WARN_INT_CONVERSION = YES;
				CLANG_WARN_NON_LITERAL_NULL_CONVERSION = YES;
				CLANG_WARN_OBJC_IMPLICIT_RETAIN_SELF = YES;
				CLANG_WARN_OBJC_LITERAL_CONVERSION = YES;
				CLANG_WARN_OBJC_ROOT_CLASS = YES_ERROR;
				CLANG_WARN_QUOTED_INCLUDE_IN_FRAMEWORK_HEADER = YES;
				CLANG_WARN_RANGE_LOOP_ANALYSIS = YES;
				CLANG_WARN_STRICT_PROTOTYPES = YES;
				CLANG_WARN_SUSPICIOUS_MOVE = YES;
				CLANG_WARN_UNGUARDED_AVAILABILITY = YES_AGGRESSIVE;
				CLANG_WARN_UNREACHABLE_CODE = YES;
				CLANG_WARN__DUPLICATE_METHOD_MATCH = YES;
				COPY_PHASE_STRIP = NO;
				DEBUG_INFORMATION_FORMAT = "dwarf-with-dsym";
				ENABLE_NS_ASSERTIONS = NO;
				ENABLE_STRICT_OBJC_MSGSEND = YES;
				ENABLE_USER_SCRIPT_SANDBOXING = YES;
				GCC_C_LANGUAGE_STANDARD = gnu17;
				GCC_NO_COMMON_BLOCKS = YES;
				GCC_WARN_64_TO_32_BIT_CONVERSION = YES;
				GCC_WARN_ABOUT_RETURN_TYPE = YES_ERROR;
				GCC_WARN_UNDECLARED_SELECTOR = YES;
				GCC_WARN_UNINITIALIZED_AUTOS = YES_AGGRESSIVE;
				GCC_WARN_UNUSED_FUNCTION = YES;
				GCC_WARN_UNUSED_VARIABLE = YES;
				IPHONEOS_DEPLOYMENT_TARGET = 18.0;
				LOCALIZATION_PREFERS_STRING_CATALOGS = YES;
				MTL_ENABLE_DEBUG_INFO = NO;
				MTL_FAST_MATH = YES;
				SDKROOT = iphoneos;
				SWIFT_COMPILATION_MODE = wholemodule;
				VALIDATE_PRODUCT = YES;
			};
			name = Release;
		};
		224CA05C2C321EEF0096F094 /* Debug */ = {
			isa = XCBuildConfiguration;
			buildSettings = {
				ASSETCATALOG_COMPILER_APPICON_NAME = AppIcon;
				ASSETCATALOG_COMPILER_GLOBAL_ACCENT_COLOR_NAME = AccentColor;
				CODE_SIGN_STYLE = Automatic;
				CURRENT_PROJECT_VERSION = 11;
				DEVELOPMENT_ASSET_PATHS = "\"Routines/Preview Content\"";
				DEVELOPMENT_TEAM = G39TU2R26A;
				ENABLE_PREVIEWS = YES;
				GENERATE_INFOPLIST_FILE = YES;
				INFOPLIST_FILE = Routines/Info.plist;
				INFOPLIST_KEY_CFBundleDisplayName = Routines;
				INFOPLIST_KEY_LSApplicationCategoryType = "public.app-category.productivity";
				INFOPLIST_KEY_UIApplicationSceneManifest_Generation = YES;
				INFOPLIST_KEY_UIApplicationSupportsIndirectInputEvents = YES;
				INFOPLIST_KEY_UILaunchScreen_Generation = YES;
				INFOPLIST_KEY_UISupportedInterfaceOrientations = UIInterfaceOrientationPortrait;
				INFOPLIST_KEY_UISupportedInterfaceOrientations_iPad = "UIInterfaceOrientationLandscapeLeft UIInterfaceOrientationLandscapeRight UIInterfaceOrientationPortrait UIInterfaceOrientationPortraitUpsideDown";
				IPHONEOS_DEPLOYMENT_TARGET = 17.0;
				LD_RUNPATH_SEARCH_PATHS = (
					"$(inherited)",
					"@executable_path/Frameworks",
				);
				MARKETING_VERSION = 1.0;
				PRODUCT_BUNDLE_IDENTIFIER = "com.sam-clemente.routines-app";
				PRODUCT_NAME = "$(TARGET_NAME)";
				SUPPORTED_PLATFORMS = "iphoneos iphonesimulator";
				SUPPORTS_MACCATALYST = NO;
				SUPPORTS_MAC_DESIGNED_FOR_IPHONE_IPAD = NO;
				SUPPORTS_XR_DESIGNED_FOR_IPHONE_IPAD = NO;
				SWIFT_EMIT_LOC_STRINGS = YES;
				SWIFT_VERSION = 6.0;
				TARGETED_DEVICE_FAMILY = 1;
			};
			name = Debug;
		};
		224CA05D2C321EEF0096F094 /* Release */ = {
			isa = XCBuildConfiguration;
			buildSettings = {
				ASSETCATALOG_COMPILER_APPICON_NAME = AppIcon;
				ASSETCATALOG_COMPILER_GLOBAL_ACCENT_COLOR_NAME = AccentColor;
				CODE_SIGN_STYLE = Automatic;
				CURRENT_PROJECT_VERSION = 11;
				DEVELOPMENT_ASSET_PATHS = "\"Routines/Preview Content\"";
				DEVELOPMENT_TEAM = G39TU2R26A;
				ENABLE_PREVIEWS = YES;
				GENERATE_INFOPLIST_FILE = YES;
				INFOPLIST_FILE = Routines/Info.plist;
				INFOPLIST_KEY_CFBundleDisplayName = Routines;
				INFOPLIST_KEY_LSApplicationCategoryType = "public.app-category.productivity";
				INFOPLIST_KEY_UIApplicationSceneManifest_Generation = YES;
				INFOPLIST_KEY_UIApplicationSupportsIndirectInputEvents = YES;
				INFOPLIST_KEY_UILaunchScreen_Generation = YES;
				INFOPLIST_KEY_UISupportedInterfaceOrientations = UIInterfaceOrientationPortrait;
				INFOPLIST_KEY_UISupportedInterfaceOrientations_iPad = "UIInterfaceOrientationLandscapeLeft UIInterfaceOrientationLandscapeRight UIInterfaceOrientationPortrait UIInterfaceOrientationPortraitUpsideDown";
				IPHONEOS_DEPLOYMENT_TARGET = 17.0;
				LD_RUNPATH_SEARCH_PATHS = (
					"$(inherited)",
					"@executable_path/Frameworks",
				);
				MARKETING_VERSION = 1.0;
				PRODUCT_BUNDLE_IDENTIFIER = "com.sam-clemente.routines-app";
				PRODUCT_NAME = "$(TARGET_NAME)";
				SUPPORTED_PLATFORMS = "iphoneos iphonesimulator";
				SUPPORTS_MACCATALYST = NO;
				SUPPORTS_MAC_DESIGNED_FOR_IPHONE_IPAD = NO;
				SUPPORTS_XR_DESIGNED_FOR_IPHONE_IPAD = NO;
				SWIFT_EMIT_LOC_STRINGS = YES;
				SWIFT_VERSION = 6.0;
				TARGETED_DEVICE_FAMILY = 1;
			};
			name = Release;
		};
		224CA05F2C321EEF0096F094 /* Debug */ = {
			isa = XCBuildConfiguration;
			buildSettings = {
				BUNDLE_LOADER = "$(TEST_HOST)";
				CODE_SIGN_STYLE = Automatic;
				CURRENT_PROJECT_VERSION = 1;
				DEVELOPMENT_TEAM = G39TU2R26A;
				GENERATE_INFOPLIST_FILE = YES;
				IPHONEOS_DEPLOYMENT_TARGET = 18.0;
				MARKETING_VERSION = 1.0;
				PRODUCT_BUNDLE_IDENTIFIER = "com.sam-clemente.RoutinesTests";
				PRODUCT_NAME = "$(TARGET_NAME)";
				SWIFT_EMIT_LOC_STRINGS = NO;
				SWIFT_VERSION = 5.0;
				TARGETED_DEVICE_FAMILY = "1,2";
				TEST_HOST = "$(BUILT_PRODUCTS_DIR)/Routines.app/$(BUNDLE_EXECUTABLE_FOLDER_PATH)/Routines";
			};
			name = Debug;
		};
		224CA0602C321EEF0096F094 /* Release */ = {
			isa = XCBuildConfiguration;
			buildSettings = {
				BUNDLE_LOADER = "$(TEST_HOST)";
				CODE_SIGN_STYLE = Automatic;
				CURRENT_PROJECT_VERSION = 1;
				DEVELOPMENT_TEAM = G39TU2R26A;
				GENERATE_INFOPLIST_FILE = YES;
				IPHONEOS_DEPLOYMENT_TARGET = 18.0;
				MARKETING_VERSION = 1.0;
				PRODUCT_BUNDLE_IDENTIFIER = "com.sam-clemente.RoutinesTests";
				PRODUCT_NAME = "$(TARGET_NAME)";
				SWIFT_EMIT_LOC_STRINGS = NO;
				SWIFT_VERSION = 5.0;
				TARGETED_DEVICE_FAMILY = "1,2";
				TEST_HOST = "$(BUILT_PRODUCTS_DIR)/Routines.app/$(BUNDLE_EXECUTABLE_FOLDER_PATH)/Routines";
			};
			name = Release;
		};
		224CA0622C321EEF0096F094 /* Debug */ = {
			isa = XCBuildConfiguration;
			buildSettings = {
				CODE_SIGN_STYLE = Automatic;
				CURRENT_PROJECT_VERSION = 1;
				DEVELOPMENT_TEAM = G39TU2R26A;
				GENERATE_INFOPLIST_FILE = YES;
				MARKETING_VERSION = 1.0;
				PRODUCT_BUNDLE_IDENTIFIER = "com.sam-clemente.RoutinesUITests";
				PRODUCT_NAME = "$(TARGET_NAME)";
				SWIFT_EMIT_LOC_STRINGS = NO;
				SWIFT_VERSION = 5.0;
				TARGETED_DEVICE_FAMILY = "1,2";
				TEST_TARGET_NAME = Routines;
			};
			name = Debug;
		};
		224CA0632C321EEF0096F094 /* Release */ = {
			isa = XCBuildConfiguration;
			buildSettings = {
				CODE_SIGN_STYLE = Automatic;
				CURRENT_PROJECT_VERSION = 1;
				DEVELOPMENT_TEAM = G39TU2R26A;
				GENERATE_INFOPLIST_FILE = YES;
				MARKETING_VERSION = 1.0;
				PRODUCT_BUNDLE_IDENTIFIER = "com.sam-clemente.RoutinesUITests";
				PRODUCT_NAME = "$(TARGET_NAME)";
				SWIFT_EMIT_LOC_STRINGS = NO;
				SWIFT_VERSION = 5.0;
				TARGETED_DEVICE_FAMILY = "1,2";
				TEST_TARGET_NAME = Routines;
			};
			name = Release;
		};
/* End XCBuildConfiguration section */

/* Begin XCConfigurationList section */
		224CA0302C321EEE0096F094 /* Build configuration list for PBXProject "Routines" */ = {
			isa = XCConfigurationList;
			buildConfigurations = (
				224CA0592C321EEF0096F094 /* Debug */,
				224CA05A2C321EEF0096F094 /* Release */,
			);
			defaultConfigurationIsVisible = 0;
			defaultConfigurationName = Release;
		};
		224CA05B2C321EEF0096F094 /* Build configuration list for PBXNativeTarget "Routines" */ = {
			isa = XCConfigurationList;
			buildConfigurations = (
				224CA05C2C321EEF0096F094 /* Debug */,
				224CA05D2C321EEF0096F094 /* Release */,
			);
			defaultConfigurationIsVisible = 0;
			defaultConfigurationName = Release;
		};
		224CA05E2C321EEF0096F094 /* Build configuration list for PBXNativeTarget "RoutinesTests" */ = {
			isa = XCConfigurationList;
			buildConfigurations = (
				224CA05F2C321EEF0096F094 /* Debug */,
				224CA0602C321EEF0096F094 /* Release */,
			);
			defaultConfigurationIsVisible = 0;
			defaultConfigurationName = Release;
		};
		224CA0612C321EEF0096F094 /* Build configuration list for PBXNativeTarget "RoutinesUITests" */ = {
			isa = XCConfigurationList;
			buildConfigurations = (
				224CA0622C321EEF0096F094 /* Debug */,
				224CA0632C321EEF0096F094 /* Release */,
			);
			defaultConfigurationIsVisible = 0;
			defaultConfigurationName = Release;
		};
/* End XCConfigurationList section */
	};
	rootObject = 224CA02D2C321EEE0096F094 /* Project object */;
}
